<?xml version="1.0" encoding="utf-8"?>
<Project ToolsVersion="4.0" xmlns="http://schemas.microsoft.com/developer/msbuild/2003">
  <ItemGroup>
    <Filter Include="RMX">
      <UniqueIdentifier>{FC19880B-6823-887C-F19E-9E7C5DA7937C}</UniqueIdentifier>
    </Filter>
  </ItemGroup>
  <ItemGroup>
    <ClInclude Include="src\RMX.h" />
    <ClInclude Include="src\RMX\Application.h">
      <Filter>RMX</Filter>
    </ClInclude>
    <ClInclude Include="src\RMX\Core.h">
      <Filter>RMX</Filter>
    </ClInclude>
    <ClInclude Include="src\RMX\EntryPoint.h">
      <Filter>RMX</Filter>
    </ClInclude>
    <ClInclude Include="src\RMX\Log.h">
      <Filter>RMX</Filter>
    </ClInclude>
  </ItemGroup>
  <ItemGroup>
    <ClCompile Include="src\RMX\Application.cpp">
      <Filter>RMX</Filter>
    </ClCompile>
    <ClCompile Include="src\RMX\Log.cpp">
      <Filter>RMX</Filter>
    </ClCompile>
  </ItemGroup>
</Project>